{"is_source_file": false, "format": "", "description": "", "external_files": [], "external_methods": [], "published": [], "classes": [], "methods": [], "calls": [], "search-terms": [], "state": 2, "file_id": 11, "knowledge_revision": 27, "git_revision": "2cb36bfa010ccffe5f3b9e5a5e81148d47e08c97", "filename": "/home/kavia/workspace/code-generation/colorquest-pebble-puzzles-94220-94228/main_container_for_colorquest_pebble_puzzles/post_process_status.lock", "hash": "9c4ed7ef73e22b872b8055bec08b8979", "format-version": 4, "code-base-name": "default", "revision_history": [{"27": "2cb36bfa010ccffe5f3b9e5a5e81148d47e08c97"}]}